// !$*UTF8*$!
{
	archiveVersion = 1;
	classes = {
	};
	objectVersion = 77;
	objects = {

/* Begin PBXBuildFile section */
		135783E82EC3DAF200BB92EF /* SnapKit in Frameworks */ = {isa = PBXBuildFile; productRef = 135783E72EC3DAF200BB92EF /* SnapKit */; };
		135783EA2EC3DAF700BB92EF /* Kingfisher in Frameworks */ = {isa = PBXBuildFile; productRef = 135783E92EC3DAF700BB92EF /* Kingfisher */; };
/* End PBXBuildFile section */

/* Begin PBXContainerItemProxy section */
		135783B92EC3CFE800BB92EF /* PBXContainerItemProxy */ = {
			isa = PBXContainerItemProxy;
			containerPortal = 1357839A2EC3CFE600BB92EF /* Project object */;
			proxyType = 1;
			remoteGlobalIDString = 135783A12EC3CFE600BB92EF;
			remoteInfo = AchouFood;
		};
		135783C32EC3CFE800BB92EF /* PBXContainerItemProxy */ = {
			isa = PBXContainerItemProxy;
			containerPortal = 1357839A2EC3CFE600BB92EF /* Project object */;
			proxyType = 1;
			remoteGlobalIDString = 135783A12EC3CFE600BB92EF;
			remoteInfo = AchouFood;
		};
/* End PBXContainerItemProxy section */

/* Begin PBXFileReference section */
		135783A22EC3CFE600BB92EF /* AchouFood.app */ = {isa = PBXFileReference; explicitFileType = wrapper.application; includeInIndex = 0; path = AchouFood.app; sourceTree = BUILT_PRODUCTS_DIR; };
		135783B82EC3CFE800BB92EF /* AchouFoodTests.xctest */ = {isa = PBXFileReference; explicitFileType = wrapper.cfbundle; includeInIndex = 0; path = AchouFoodTests.xctest; sourceTree = BUILT_PRODUCTS_DIR; };
		135783C22EC3CFE800BB92EF /* AchouFoodUITests.xctest */ = {isa = PBXFileReference; explicitFileType = wrapper.cfbundle; includeInIndex = 0; path = AchouFoodUITests.xctest; sourceTree = BUILT_PRODUCTS_DIR; };
/* End PBXFileReference section */

/* Begin PBXFileSystemSynchronizedBuildFileExceptionSet section */
		135783CA2EC3CFE800BB92EF /* Exceptions for "AchouFood" folder in "AchouFood" target */ = {
			isa = PBXFileSystemSynchronizedBuildFileExceptionSet;
			membershipExceptions = (
				Info.plist,
			);
			target = 135783A12EC3CFE600BB92EF /* AchouFood */;
		};
/* End PBXFileSystemSynchronizedBuildFileExceptionSet section */

/* Begin PBXFileSystemSynchronizedRootGroup section */
		135783A42EC3CFE600BB92EF /* AchouFood */ = {
			isa = PBXFileSystemSynchronizedRootGroup;
			exceptions = (
				135783CA2EC3CFE800BB92EF /* Exceptions for "AchouFood" folder in "AchouFood" target */,
			);
			path = AchouFood;
			sourceTree = "<group>";
		};
		135783BB2EC3CFE800BB92EF /* AchouFoodTests */ = {
			isa = PBXFileSystemSynchronizedRootGroup;
			path = AchouFoodTests;
			sourceTree = "<group>";
		};
		135783C52EC3CFE800BB92EF /* AchouFoodUITests */ = {
			isa = PBXFileSystemSynchronizedRootGroup;
			path = AchouFoodUITests;
			sourceTree = "<group>";
		};
/* End PBXFileSystemSynchronizedRootGroup section */

/* Begin PBXFrameworksBuildPhase section */
		1357839F2EC3CFE600BB92EF /* Frameworks */ = {
			isa = PBXFrameworksBuildPhase;
			buildActionMask = 2147483647;
			files = (
				135783EA2EC3DAF700BB92EF /* Kingfisher in Frameworks */,
				135783E82EC3DAF200BB92EF /* SnapKit in Frameworks */,
			);
			runOnlyForDeploymentPostprocessing = 0;
		};
		135783B52EC3CFE800BB92EF /* Frameworks */ = {
			isa = PBXFrameworksBuildPhase;
			buildActionMask = 2147483647;
			files = (
			);
			runOnlyForDeploymentPostprocessing = 0;
		};
		135783BF2EC3CFE800BB92EF /* Frameworks */ = {
			isa = PBXFrameworksBuildPhase;
			buildActionMask = 2147483647;
			files = (
			);
			runOnlyForDeploymentPostprocessing = 0;
		};
/* End PBXFrameworksBuildPhase section */

/* Begin PBXGroup section */
		135783992EC3CFE600BB92EF = {
			isa = PBXGroup;
			children = (
				135783A42EC3CFE600BB92EF /* AchouFood */,
				135783BB2EC3CFE800BB92EF /* AchouFoodTests */,
				135783C52EC3CFE800BB92EF /* AchouFoodUITests */,
				135783E62EC3DAF200BB92EF /* Frameworks */,
				135783A32EC3CFE600BB92EF /* Products */,
			);
			sourceTree = "<group>";
		};
		135783A32EC3CFE600BB92EF /* Products */ = {
			isa = PBXGroup;
			children = (
				135783A22EC3CFE600BB92EF /* AchouFood.app */,
				135783B82EC3CFE800BB92EF /* AchouFoodTests.xctest */,
				135783C22EC3CFE800BB92EF /* AchouFoodUITests.xctest */,
			);
			name = Products;
			sourceTree = "<group>";
		};
		135783E62EC3DAF200BB92EF /* Frameworks */ = {
			isa = PBXGroup;
			children = (
			);
			name = Frameworks;
			sourceTree = "<group>";
		};
/* End PBXGroup section */

/* Begin PBXNativeTarget section */
		135783A12EC3CFE600BB92EF /* AchouFood */ = {
			isa = PBXNativeTarget;
			buildConfigurationList = 135783CB2EC3CFE800BB92EF /* Build configuration list for PBXNativeTarget "AchouFood" */;
			buildPhases = (
				1357839E2EC3CFE600BB92EF /* Sources */,
				1357839F2EC3CFE600BB92EF /* Frameworks */,
				135783A02EC3CFE600BB92EF /* Resources */,
			);
			buildRules = (
			);
			dependencies = (
			);
			fileSystemSynchronizedGroups = (
				135783A42EC3CFE600BB92EF /* AchouFood */,
			);
			name = AchouFood;
			packageProductDependencies = (
				135783E72EC3DAF200BB92EF /* SnapKit */,
				135783E92EC3DAF700BB92EF /* Kingfisher */,
			);
			productName = AchouFood;
			productReference = 135783A22EC3CFE600BB92EF /* AchouFood.app */;
			productType = "com.apple.product-type.application";
		};
		135783B72EC3CFE800BB92EF /* AchouFoodTests */ = {
			isa = PBXNativeTarget;
			buildConfigurationList = 135783D02EC3CFE800BB92EF /* Build configuration list for PBXNativeTarget "AchouFoodTests" */;
			buildPhases = (
				135783B42EC3CFE800BB92EF /* Sources */,
				135783B52EC3CFE800BB92EF /* Frameworks */,
				135783B62EC3CFE800BB92EF /* Resources */,
			);
			buildRules = (
			);
			dependencies = (
				135783BA2EC3CFE800BB92EF /* PBXTargetDependency */,
			);
			fileSystemSynchronizedGroups = (
				135783BB2EC3CFE800BB92EF /* AchouFoodTests */,
			);
			name = AchouFoodTests;
			packageProductDependencies = (
			);
			productName = AchouFoodTests;
			productReference = 135783B82EC3CFE800BB92EF /* AchouFoodTests.xctest */;
			productType = "com.apple.product-type.bundle.unit-test";
		};
		135783C12EC3CFE800BB92EF /* AchouFoodUITests */ = {
			isa = PBXNativeTarget;
			buildConfigurationList = 135783D32EC3CFE800BB92EF /* Build configuration list for PBXNativeTarget "AchouFoodUITests" */;
			buildPhases = (
				135783BE2EC3CFE800BB92EF /* Sources */,
				135783BF2EC3CFE800BB92EF /* Frameworks */,
				135783C02EC3CFE800BB92EF /* Resources */,
			);
			buildRules = (
			);
			dependencies = (
				135783C42EC3CFE800BB92EF /* PBXTargetDependency */,
			);
			fileSystemSynchronizedGroups = (
				135783C52EC3CFE800BB92EF /* AchouFoodUITests */,
			);
			name = AchouFoodUITests;
			packageProductDependencies = (
			);
			productName = AchouFoodUITests;
			productReference = 135783C22EC3CFE800BB92EF /* AchouFoodUITests.xctest */;
			productType = "com.apple.product-type.bundle.ui-testing";
		};
/* End PBXNativeTarget section */

/* Begin PBXProject section */
		1357839A2EC3CFE600BB92EF /* Project object */ = {
			isa = PBXProject;
			attributes = {
				BuildIndependentTargetsInParallel = 1;
				LastSwiftUpdateCheck = 1620;
				LastUpgradeCheck = 1620;
				TargetAttributes = {
					135783A12EC3CFE600BB92EF = {
						CreatedOnToolsVersion = 16.2;
					};
					135783B72EC3CFE800BB92EF = {
						CreatedOnToolsVersion = 16.2;
						TestTargetID = 135783A12EC3CFE600BB92EF;
					};
					135783C12EC3CFE800BB92EF = {
						CreatedOnToolsVersion = 16.2;
						TestTargetID = 135783A12EC3CFE600BB92EF;
					};
				};
			};
			buildConfigurationList = 1357839D2EC3CFE600BB92EF /* Build configuration list for PBXProject "AchouFood" */;
			developmentRegion = en;
			hasScannedForEncodings = 0;
			knownRegions = (
				en,
				Base,
			);
			mainGroup = 135783992EC3CFE600BB92EF;
			minimizedProjectReferenceProxies = 1;
			packageReferences = (
				135783E42EC3D9AD00BB92EF /* XCRemoteSwiftPackageReference "SnapKit" */,
				135783E52EC3DA3200BB92EF /* XCRemoteSwiftPackageReference "Kingfisher" */,
			);
			preferredProjectObjectVersion = 77;
			productRefGroup = 135783A32EC3CFE600BB92EF /* Products */;
			projectDirPath = "";
			projectRoot = "";
			targets = (
				135783A12EC3CFE600BB92EF /* AchouFood */,
				135783B72EC3CFE800BB92EF /* AchouFoodTests */,
				135783C12EC3CFE800BB92EF /* AchouFoodUITests */,
			);
		};
/* End PBXProject section */

/* Begin PBXResourcesBuildPhase section */
		135783A02EC3CFE600BB92EF /* Resources */ = {
			isa = PBXResourcesBuildPhase;
			buildActionMask = 2147483647;
			files = (
			);
			runOnlyForDeploymentPostprocessing = 0;
		};
		135783B62EC3CFE800BB92EF /* Resources */ = {
			isa = PBXResourcesBuildPhase;
			buildActionMask = 2147483647;
			files = (
			);
			runOnlyForDeploymentPostprocessing = 0;
		};
		135783C02EC3CFE800BB92EF /* Resources */ = {
			isa = PBXResourcesBuildPhase;
			buildActionMask = 2147483647;
			files = (
			);
			runOnlyForDeploymentPostprocessing = 0;
		};
/* End PBXResourcesBuildPhase section */

/* Begin PBXSourcesBuildPhase section */
		1357839E2EC3CFE600BB92EF /* Sources */ = {
			isa = PBXSourcesBuildPhase;
			buildActionMask = 2147483647;
			files = (
			);
			runOnlyForDeploymentPostprocessing = 0;
		};
		135783B42EC3CFE800BB92EF /* Sources */ = {
			isa = PBXSourcesBuildPhase;
			buildActionMask = 2147483647;
			files = (
			);
			runOnlyForDeploymentPostprocessing = 0;
		};
		135783BE2EC3CFE800BB92EF /* Sources */ = {
			isa = PBXSourcesBuildPhase;
			buildActionMask = 2147483647;
			files = (
			);
			runOnlyForDeploymentPostprocessing = 0;
		};
/* End PBXSourcesBuildPhase section */

/* Begin PBXTargetDependency section */
		135783BA2EC3CFE800BB92EF /* PBXTargetDependency */ = {
			isa = PBXTargetDependency;
			target = 135783A12EC3CFE600BB92EF /* AchouFood */;
			targetProxy = 135783B92EC3CFE800BB92EF /* PBXContainerItemProxy */;
		};
		135783C42EC3CFE800BB92EF /* PBXTargetDependency */ = {
			isa = PBXTargetDependency;
			target = 135783A12EC3CFE600BB92EF /* AchouFood */;
			targetProxy = 135783C32EC3CFE800BB92EF /* PBXContainerItemProxy */;
		};
/* End PBXTargetDependency section */

/* Begin XCBuildConfiguration section */
		135783CC2EC3CFE800BB92EF /* Debug */ = {
			isa = XCBuildConfiguration;
			buildSettings = {
				ASSETCATALOG_COMPILER_APPICON_NAME = AppIcon;
				ASSETCATALOG_COMPILER_GLOBAL_ACCENT_COLOR_NAME = AccentColor;
				CODE_SIGN_STYLE = Automatic;
				CURRENT_PROJECT_VERSION = 1;
				DEVELOPMENT_TEAM = VK7UVMLX8D;
				GENERATE_INFOPLIST_FILE = YES;
				INFOPLIST_FILE = AchouFood/Info.plist;
				INFOPLIST_KEY_UIApplicationSupportsIndirectInputEvents = YES;
				INFOPLIST_KEY_UILaunchStoryboardName = SplashViewController;
				INFOPLIST_KEY_UISupportedInterfaceOrientations_iPad = "UIInterfaceOrientationPortrait UIInterfaceOrientationPortraitUpsideDown UIInterfaceOrientationLandscapeLeft UIInterfaceOrientationLandscapeRight";
				INFOPLIST_KEY_UISupportedInterfaceOrientations_iPhone = "UIInterfaceOrientationPortrait UIInterfaceOrientationLandscapeLeft UIInterfaceOrientationLandscapeRight";
				LD_RUNPATH_SEARCH_PATHS = (
					"$(inherited)",
					"@executable_path/Frameworks",
				);
				MARKETING_VERSION = 1.0;
				PRODUCT_BUNDLE_IDENTIFIER = com.lacerda.AchouFood;
				PRODUCT_NAME = "$(TARGET_NAME)";
				SWIFT_EMIT_LOC_STRINGS = YES;
				SWIFT_VERSION = 5.0;
				TARGETED_DEVICE_FAMILY = "1,2";
			};
			name = Debug;
		};
		135783CD2EC3CFE800BB92EF /* Release */ = {
			isa = XCBuildConfiguration;
			buildSettings = {
				ASSETCATALOG_COMPILER_APPICON_NAME = AppIcon;
				ASSETCATALOG_COMPILER_GLOBAL_ACCENT_COLOR_NAME = AccentColor;
				CODE_SIGN_STYLE = Automatic;
				CURRENT_PROJECT_VERSION = 1;
				DEVELOPMENT_TEAM = VK7UVMLX8D;
				GENERATE_INFOPLIST_FILE = YES;
				INFOPLIST_FILE = AchouFood/Info.plist;
				INFOPLIST_KEY_UIApplicationSupportsIndirectInputEvents = YES;
				INFOPLIST_KEY_UILaunchStoryboardName = SplashViewController;
				INFOPLIST_KEY_UISupportedInterfaceOrientations_iPad = "UIInterfaceOrientationPortrait UIInterfaceOrientationPortraitUpsideDown UIInterfaceOrientationLandscapeLeft UIInterfaceOrientationLandscapeRight";
				INFOPLIST_KEY_UISupportedInterfaceOrientations_iPhone = "UIInterfaceOrientationPortrait UIInterfaceOrientationLandscapeLeft UIInterfaceOrientationLandscapeRight";
				LD_RUNPATH_SEARCH_PATHS = (
					"$(inherited)",
					"@executable_path/Frameworks",
				);
				MARKETING_VERSION = 1.0;
				PRODUCT_BUNDLE_IDENTIFIER = com.lacerda.AchouFood;
				PRODUCT_NAME = "$(TARGET_NAME)";
				SWIFT_EMIT_LOC_STRINGS = YES;
				SWIFT_VERSION = 5.0;
				TARGETED_DEVICE_FAMILY = "1,2";
			};
			name = Release;
		};
		135783CE2EC3CFE800BB92EF /* Debug */ = {
			isa = XCBuildConfiguration;
			buildSettings = {
				ALWAYS_SEARCH_USER_PATHS = NO;
				ASSETCATALOG_COMPILER_GENERATE_SWIFT_ASSET_SYMBOL_EXTENSIONS = YES;
				CLANG_ANALYZER_NONNULL = YES;
				CLANG_ANALYZER_NUMBER_OBJECT_CONVERSION = YES_AGGRESSIVE;
				CLANG_CXX_LANGUAGE_STANDARD = "gnu++20";
				CLANG_ENABLE_MODULES = YES;
				CLANG_ENABLE_OBJC_ARC = YES;
				CLANG_ENABLE_OBJC_WEAK = YES;
				CLANG_WARN_BLOCK_CAPTURE_AUTORELEASING = YES;
				CLANG_WARN_BOOL_CONVERSION = YES;
				CLANG_WARN_COMMA = YES;
				CLANG_WARN_CONSTANT_CONVERSION = YES;
				CLANG_WARN_DEPRECATED_OBJC_IMPLEMENTATIONS = YES;
				CLANG_WARN_DIRECT_OBJC_ISA_USAGE = YES_ERROR;
				CLANG_WARN_DOCUMENTATION_COMMENTS = YES;
				CLANG_WARN_EMPTY_BODY = YES;
				CLANG_WARN_ENUM_CONVERSION = YES;
				CLANG_WARN_INFINITE_RECURSION = YES;
				CLANG_WARN_INT_CONVERSION = YES;
				CLANG_WARN_NON_LITERAL_NULL_CONVERSION = YES;
				CLANG_WARN_OBJC_IMPLICIT_RETAIN_SELF = YES;
				CLANG_WARN_OBJC_LITERAL_CONVERSION = YES;
				CLANG_WARN_OBJC_ROOT_CLASS = YES_ERROR;
				CLANG_WARN_QUOTED_INCLUDE_IN_FRAMEWORK_HEADER = YES;
				CLANG_WARN_RANGE_LOOP_ANALYSIS = YES;
				CLANG_WARN_STRICT_PROTOTYPES = YES;
				CLANG_WARN_SUSPICIOUS_MOVE = YES;
				CLANG_WARN_UNGUARDED_AVAILABILITY = YES_AGGRESSIVE;
				CLANG_WARN_UNREACHABLE_CODE = YES;
				CLANG_WARN__DUPLICATE_METHOD_MATCH = YES;
				COPY_PHASE_STRIP = NO;
				DEBUG_INFORMATION_FORMAT = dwarf;
				ENABLE_STRICT_OBJC_MSGSEND = YES;
				ENABLE_TESTABILITY = YES;
				ENABLE_USER_SCRIPT_SANDBOXING = YES;
				GCC_C_LANGUAGE_STANDARD = gnu17;
				GCC_DYNAMIC_NO_PIC = NO;
				GCC_NO_COMMON_BLOCKS = YES;
				GCC_OPTIMIZATION_LEVEL = 0;
				GCC_PREPROCESSOR_DEFINITIONS = (
					"DEBUG=1",
					"$(inherited)",
				);
				GCC_WARN_64_TO_32_BIT_CONVERSION = YES;
				GCC_WARN_ABOUT_RETURN_TYPE = YES_ERROR;
				GCC_WARN_UNDECLARED_SELECTOR = YES;
				GCC_WARN_UNINITIALIZED_AUTOS = YES_AGGRESSIVE;
				GCC_WARN_UNUSED_FUNCTION = YES;
				GCC_WARN_UNUSED_VARIABLE = YES;
				IPHONEOS_DEPLOYMENT_TARGET = 18.2;
				LOCALIZATION_PREFERS_STRING_CATALOGS = YES;
				MTL_ENABLE_DEBUG_INFO = INCLUDE_SOURCE;
				MTL_FAST_MATH = YES;
				ONLY_ACTIVE_ARCH = YES;
				SDKROOT = iphoneos;
				SWIFT_ACTIVE_COMPILATION_CONDITIONS = "DEBUG $(inherited)";
				SWIFT_OPTIMIZATION_LEVEL = "-Onone";
			};
			name = Debug;
		};
		135783CF2EC3CFE800BB92EF /* Release */ = {
			isa = XCBuildConfiguration;
			buildSettings = {
				ALWAYS_SEARCH_USER_PATHS = NO;
				ASSETCATALOG_COMPILER_GENERATE_SWIFT_ASSET_SYMBOL_EXTENSIONS = YES;
				CLANG_ANALYZER_NONNULL = YES;
				CLANG_ANALYZER_NUMBER_OBJECT_CONVERSION = YES_AGGRESSIVE;
				CLANG_CXX_LANGUAGE_STANDARD = "gnu++20";
				CLANG_ENABLE_MODULES = YES;
				CLANG_ENABLE_OBJC_ARC = YES;
				CLANG_ENABLE_OBJC_WEAK = YES;
				CLANG_WARN_BLOCK_CAPTURE_AUTORELEASING = YES;
				CLANG_WARN_BOOL_CONVERSION = YES;
				CLANG_WARN_COMMA = YES;
				CLANG_WARN_CONSTANT_CONVERSION = YES;
				CLANG_WARN_DEPRECATED_OBJC_IMPLEMENTATIONS = YES;
				CLANG_WARN_DIRECT_OBJC_ISA_USAGE = YES_ERROR;
				CLANG_WARN_DOCUMENTATION_COMMENTS = YES;
				CLANG_WARN_EMPTY_BODY = YES;
				CLANG_WARN_ENUM_CONVERSION = YES;
				CLANG_WARN_INFINITE_RECURSION = YES;
				CLANG_WARN_INT_CONVERSION = YES;
				CLANG_WARN_NON_LITERAL_NULL_CONVERSION = YES;
				CLANG_WARN_OBJC_IMPLICIT_RETAIN_SELF = YES;
				CLANG_WARN_OBJC_LITERAL_CONVERSION = YES;
				CLANG_WARN_OBJC_ROOT_CLASS = YES_ERROR;
				CLANG_WARN_QUOTED_INCLUDE_IN_FRAMEWORK_HEADER = YES;
				CLANG_WARN_RANGE_LOOP_ANALYSIS = YES;
				CLANG_WARN_STRICT_PROTOTYPES = YES;
				CLANG_WARN_SUSPICIOUS_MOVE = YES;
				CLANG_WARN_UNGUARDED_AVAILABILITY = YES_AGGRESSIVE;
				CLANG_WARN_UNREACHABLE_CODE = YES;
				CLANG_WARN__DUPLICATE_METHOD_MATCH = YES;
				COPY_PHASE_STRIP = NO;
				DEBUG_INFORMATION_FORMAT = "dwarf-with-dsym";
				ENABLE_NS_ASSERTIONS = NO;
				ENABLE_STRICT_OBJC_MSGSEND = YES;
				ENABLE_USER_SCRIPT_SANDBOXING = YES;
				GCC_C_LANGUAGE_STANDARD = gnu17;
				GCC_NO_COMMON_BLOCKS = YES;
				GCC_WARN_64_TO_32_BIT_CONVERSION = YES;
				GCC_WARN_ABOUT_RETURN_TYPE = YES_ERROR;
				GCC_WARN_UNDECLARED_SELECTOR = YES;
				GCC_WARN_UNINITIALIZED_AUTOS = YES_AGGRESSIVE;
				GCC_WARN_UNUSED_FUNCTION = YES;
				GCC_WARN_UNUSED_VARIABLE = YES;
				IPHONEOS_DEPLOYMENT_TARGET = 18.2;
				LOCALIZATION_PREFERS_STRING_CATALOGS = YES;
				MTL_ENABLE_DEBUG_INFO = NO;
				MTL_FAST_MATH = YES;
				SDKROOT = iphoneos;
				SWIFT_COMPILATION_MODE = wholemodule;
				VALIDATE_PRODUCT = YES;
			};
			name = Release;
		};
		135783D12EC3CFE800BB92EF /* Debug */ = {
			isa = XCBuildConfiguration;
			buildSettings = {
				BUNDLE_LOADER = "$(TEST_HOST)";
				CODE_SIGN_STYLE = Automatic;
				CURRENT_PROJECT_VERSION = 1;
				DEVELOPMENT_TEAM = VK7UVMLX8D;
				GENERATE_INFOPLIST_FILE = YES;
				IPHONEOS_DEPLOYMENT_TARGET = 18.2;
				MARKETING_VERSION = 1.0;
				PRODUCT_BUNDLE_IDENTIFIER = com.lacerda.AchouFoodTests;
				PRODUCT_NAME = "$(TARGET_NAME)";
				SWIFT_EMIT_LOC_STRINGS = NO;
				SWIFT_VERSION = 5.0;
				TARGETED_DEVICE_FAMILY = "1,2";
				TEST_HOST = "$(BUILT_PRODUCTS_DIR)/AchouFood.app/$(BUNDLE_EXECUTABLE_FOLDER_PATH)/AchouFood";
			};
			name = Debug;
		};
		135783D22EC3CFE800BB92EF /* Release */ = {
			isa = XCBuildConfiguration;
			buildSettings = {
				BUNDLE_LOADER = "$(TEST_HOST)";
				CODE_SIGN_STYLE = Automatic;
				CURRENT_PROJECT_VERSION = 1;
				DEVELOPMENT_TEAM = VK7UVMLX8D;
				GENERATE_INFOPLIST_FILE = YES;
				IPHONEOS_DEPLOYMENT_TARGET = 18.2;
				MARKETING_VERSION = 1.0;
				PRODUCT_BUNDLE_IDENTIFIER = com.lacerda.AchouFoodTests;
				PRODUCT_NAME = "$(TARGET_NAME)";
				SWIFT_EMIT_LOC_STRINGS = NO;
				SWIFT_VERSION = 5.0;
				TARGETED_DEVICE_FAMILY = "1,2";
				TEST_HOST = "$(BUILT_PRODUCTS_DIR)/AchouFood.app/$(BUNDLE_EXECUTABLE_FOLDER_PATH)/AchouFood";
			};
			name = Release;
		};
		135783D42EC3CFE800BB92EF /* Debug */ = {
			isa = XCBuildConfiguration;
			buildSettings = {
				CODE_SIGN_STYLE = Automatic;
				CURRENT_PROJECT_VERSION = 1;
				DEVELOPMENT_TEAM = VK7UVMLX8D;
				GENERATE_INFOPLIST_FILE = YES;
				MARKETING_VERSION = 1.0;
				PRODUCT_BUNDLE_IDENTIFIER = com.lacerda.AchouFoodUITests;
				PRODUCT_NAME = "$(TARGET_NAME)";
				SWIFT_EMIT_LOC_STRINGS = NO;
				SWIFT_VERSION = 5.0;
				TARGETED_DEVICE_FAMILY = "1,2";
				TEST_TARGET_NAME = AchouFood;
			};
			name = Debug;
		};
		135783D52EC3CFE800BB92EF /* Release */ = {
			isa = XCBuildConfiguration;
			buildSettings = {
				CODE_SIGN_STYLE = Automatic;
				CURRENT_PROJECT_VERSION = 1;
				DEVELOPMENT_TEAM = VK7UVMLX8D;
				GENERATE_INFOPLIST_FILE = YES;
				MARKETING_VERSION = 1.0;
				PRODUCT_BUNDLE_IDENTIFIER = com.lacerda.AchouFoodUITests;
				PRODUCT_NAME = "$(TARGET_NAME)";
				SWIFT_EMIT_LOC_STRINGS = NO;
				SWIFT_VERSION = 5.0;
				TARGETED_DEVICE_FAMILY = "1,2";
				TEST_TARGET_NAME = AchouFood;
			};
			name = Release;
		};
/* End XCBuildConfiguration section */

/* Begin XCConfigurationList section */
		1357839D2EC3CFE600BB92EF /* Build configuration list for PBXProject "AchouFood" */ = {
			isa = XCConfigurationList;
			buildConfigurations = (
				135783CE2EC3CFE800BB92EF /* Debug */,
				135783CF2EC3CFE800BB92EF /* Release */,
			);
			defaultConfigurationIsVisible = 0;
			defaultConfigurationName = Release;
		};
		135783CB2EC3CFE800BB92EF /* Build configuration list for PBXNativeTarget "AchouFood" */ = {
			isa = XCConfigurationList;
			buildConfigurations = (
				135783CC2EC3CFE800BB92EF /* Debug */,
				135783CD2EC3CFE800BB92EF /* Release */,
			);
			defaultConfigurationIsVisible = 0;
			defaultConfigurationName = Release;
		};
		135783D02EC3CFE800BB92EF /* Build configuration list for PBXNativeTarget "AchouFoodTests" */ = {
			isa = XCConfigurationList;
			buildConfigurations = (
				135783D12EC3CFE800BB92EF /* Debug */,
				135783D22EC3CFE800BB92EF /* Release */,
			);
			defaultConfigurationIsVisible = 0;
			defaultConfigurationName = Release;
		};
		135783D32EC3CFE800BB92EF /* Build configuration list for PBXNativeTarget "AchouFoodUITests" */ = {
			isa = XCConfigurationList;
			buildConfigurations = (
				135783D42EC3CFE800BB92EF /* Debug */,
				135783D52EC3CFE800BB92EF /* Release */,
			);
			defaultConfigurationIsVisible = 0;
			defaultConfigurationName = Release;
		};
/* End XCConfigurationList section */

/* Begin XCRemoteSwiftPackageReference section */
		135783E42EC3D9AD00BB92EF /* XCRemoteSwiftPackageReference "SnapKit" */ = {
			isa = XCRemoteSwiftPackageReference;
			repositoryURL = "https://github.com/SnapKit/SnapKit.git";
			requirement = {
				kind = upToNextMajorVersion;
				minimumVersion = 5.7.1;
			};
		};
		135783E52EC3DA3200BB92EF /* XCRemoteSwiftPackageReference "Kingfisher" */ = {
			isa = XCRemoteSwiftPackageReference;
			repositoryURL = "https://github.com/onevcat/Kingfisher.git";
			requirement = {
				kind = upToNextMajorVersion;
				minimumVersion = 8.6.1;
			};
		};
/* End XCRemoteSwiftPackageReference section */

/* Begin XCSwiftPackageProductDependency section */
		135783E72EC3DAF200BB92EF /* SnapKit */ = {
			isa = XCSwiftPackageProductDependency;
			package = 135783E42EC3D9AD00BB92EF /* XCRemoteSwiftPackageReference "SnapKit" */;
			productName = SnapKit;
		};
		135783E92EC3DAF700BB92EF /* Kingfisher */ = {
			isa = XCSwiftPackageProductDependency;
			package = 135783E52EC3DA3200BB92EF /* XCRemoteSwiftPackageReference "Kingfisher" */;
			productName = Kingfisher;
		};
/* End XCSwiftPackageProductDependency section */
	};
	rootObject = 1357839A2EC3CFE600BB92EF /* Project object */;
}
